{
  "name": "incidents-management-tool",
  "lockfileVersion": 3,
  "requires": true,
  "packages": {
    "": {
      "dependencies": {
        "express-healthcheck": "^0.1.0"
      }
    },
    "node_modules/express-healthcheck": {
      "version": "0.1.0",
      "resolved": "https://registry.npmjs.org/express-healthcheck/-/express-healthcheck-0.1.0.tgz",
      "integrity": "sha512-FKQVgDo1FMSOYflEq4g6CvNk6stbpkuX0MWXmul8dSICuw/b+3JgoYOq/aiDcYid5k42jh/4HYLYC/M/qDBEuQ=="
    }
  }
}
